PODS:
  - Alamofire (3.3.0)
  - Cosmos (1.2.2)
  - Google/Analytics (2.0.3):
    - Google/Core
    - GoogleAnalytics (~> 3.12)
  - Google/Core (2.0.3):
    - GoogleInterchangeUtilities (~> 1.0)
    - GoogleNetworkingUtilities (~> 1.0)
    - GoogleSymbolUtilities (~> 1.0)
    - GoogleUtilities (~> 1.1)
  - GoogleAnalytics (3.14.0)
  - GoogleInterchangeUtilities (1.2.0):
    - GoogleSymbolUtilities (~> 1.0)
  - GoogleNetworkingUtilities (1.2.0):
    - GoogleSymbolUtilities (~> 1.0)
  - GoogleSymbolUtilities (1.1.0)
  - GoogleUtilities (1.2.0):
    - GoogleSymbolUtilities (~> 1.0)
  - SDWebImage (3.7.5):
    - SDWebImage/Core (= 3.7.5)
  - SDWebImage/Core (3.7.5)

DEPENDENCIES:
  - Alamofire (~> 3.0)
  - Cosmos (~> 1.2)
  - Google/Analytics
  - SDWebImage (~> 3.7)

SPEC CHECKSUMS:
  Alamofire: d6c212c0a46dd445d303053b468c12de7a2edfe7
  Cosmos: 255ea26e59c7eb9b4f6479be0d4490dc3e61c850
  Google: 11cb5f2c32032d504762eaef8230f39bdfa53c74
  GoogleAnalytics: 7ea7098da6b58fb892cce5f944be750f82aec887
  GoogleInterchangeUtilities: 77aa69a2960c0df5e946d22a647a90be453c52c2
  GoogleNetworkingUtilities: 7c44acfa650ae778bbcea14c704a61433cff43f8
  GoogleSymbolUtilities: b25ba836f703c0cb712fd9faa9baec0a66987601
  GoogleUtilities: f76eadf64738f73506a708e38e3b3b9492027c07
  SDWebImage: 4dd2ac7f06226981fb95acc38f6b5b437b341d5b

PODFILE CHECKSUM: 2271fec776d473a6bdfc5949a72eb7668ca84c6d

COCOAPODS: 1.0.0
